{
  "name": "aoc-2018",
  "version": "1.0.0",
  "lockfileVersion": 1,
  "requires": true,
  "dependencies": {
    "date-fns": {
      "version": "1.29.0",
      "resolved": "https://registry.npmjs.org/date-fns/-/date-fns-1.29.0.tgz",
      "integrity": "sha512-lbTXWZ6M20cWH8N9S6afb0SBm6tMk+uUg6z3MqHPKE9atmsY3kJkTm8vKe93izJ2B2+q5MV990sM2CHgtAZaOw=="
    },
    "prettier": {
      "version": "1.15.3",
      "resolved": "https://registry.npmjs.org/prettier/-/prettier-1.15.3.tgz",
      "integrity": "sha512-gAU9AGAPMaKb3NNSUUuhhFAS7SCO4ALTN4nRIn6PJ075Qd28Yn2Ig2ahEJWdJwJmlEBTUfC7mMUSFy8MwsOCfg==",
      "dev": true
    },
    "taninsam": {
      "version": "1.10.0",
      "resolved": "https://registry.npmjs.org/taninsam/-/taninsam-1.10.0.tgz",
      "integrity": "sha512-fhnkG/JEDO0uq3zdi6y+RjtlvXW0v4t+UOgVrFPpK6FOJ54Wv+7jW7fzug8BFbIPL8dR3uqkYs2oMM/1VCK2nA=="
    }
  }
}
