{
  "name": "aoc-2018",
  "version": "1.0.0",
  "lockfileVersion": 1,
  "requires": true,
  "dependencies": {
    "taninsam": {
      "version": "1.9.0",
      "resolved": "https://registry.npmjs.org/taninsam/-/taninsam-1.9.0.tgz",
      "integrity": "sha512-hDlVzg+jrei7xz4+fQVdclWt2sfEb9FTdegvhC5xP4dpGdCu/x2soTa9/uCXWqXwxNGVuQr6Tj7e+ujwMP98LA=="
    }
  }
}
